
Microsoft Visual Studio Solution File, Format Version 12.00
# Visual Studio Version 17
VisualStudioVersion = 17.9.34607.119
MinimumVisualStudioVersion = 10.0.40219.1
Project("{FAE04EC0-301F-11D3-BF4B-00C04F79EFBC}") = "KodlamaioGameProject", "KodlamaioGameProject\KodlamaioGameProject.csproj", "{7DC41D09-C330-4069-98D8-80171E0872B9}"
EndProject
Global
	GlobalSection(SolutionConfigurationPlatforms) = preSolution
		Debug|Any CPU = Debug|Any CPU
		Release|Any CPU = Release|Any CPU
	EndGlobalSection
	GlobalSection(ProjectConfigurationPlatforms) = postSolution
		{7DC41D09-C330-4069-98D8-80171E0872B9}.Debug|Any CPU.ActiveCfg = Debug|Any CPU
		{7DC41D09-C330-4069-98D8-80171E0872B9}.Debug|Any CPU.Build.0 = Debug|Any CPU
		{7DC41D09-C330-4069-98D8-80171E0872B9}.Release|Any CPU.ActiveCfg = Release|Any CPU
		{7DC41D09-C330-4069-98D8-80171E0872B9}.Release|Any CPU.Build.0 = Release|Any CPU
	EndGlobalSection
	GlobalSection(SolutionProperties) = preSolution
		HideSolutionNode = FALSE
	EndGlobalSection
	GlobalSection(ExtensibilityGlobals) = postSolution
		SolutionGuid = {45EE5DCF-F7CF-4554-8267-EAE0099FBE7D}
	EndGlobalSection
EndGlobal
